{
  "requires": true,
  "lockfileVersion": 1,
  "dependencies": {
    "@confluxfans/contracts": {
      "version": "0.2.5",
      "resolved": "https://registry.npmmirror.com/@confluxfans/contracts/download/@confluxfans/contracts-0.2.5.tgz",
      "integrity": "sha512-fWdQ19l9Tw45ZhCDZuDJyoaN2CMoyRXuELt8GRxohVqGOzGoG4DesTUQAOHTVaFHrmH2ro98F5zxlJcCRzGOCw==",
      "requires": {
        "@openzeppelin/contracts": "4.1.0"
      },
      "dependencies": {
        "@openzeppelin/contracts": {
          "version": "4.1.0",
          "resolved": "https://registry.npmmirror.com/@openzeppelin/contracts/download/@openzeppelin/contracts-4.1.0.tgz",
          "integrity": "sha1-uuyJp/X3Pj2OpYKnjxmAE0tgU3U="
        }
      }
    },
    "@openzeppelin/contracts": {
      "version": "4.4.1",
      "resolved": "https://registry.npmmirror.com/@openzeppelin/contracts/download/@openzeppelin/contracts-4.4.1.tgz",
      "integrity": "sha512-o+pHCf/yMLSlV5MkDQEzEQL402i6SoRnktru+0rdSxVEFZcTzzGhZCAtZjUFyKGazMSv1TilzMg+RbED1N8XHQ=="
    }
  }
}
